
Microsoft Visual Studio Solution File, Format Version 12.00
# Visual Studio Version 17
VisualStudioVersion = 17.9.34728.123
MinimumVisualStudioVersion = 10.0.40219.1
Project("{FAE04EC0-301F-11D3-BF4B-00C04F79EFBC}") = "ZooVendingMachine", "ZooVendingMachine.csproj", "{AFFB3CA7-4742-4AE3-97B6-8ABFC4D1D017}"
EndProject
Global
	GlobalSection(SolutionConfigurationPlatforms) = preSolution
		Debug|Any CPU = Debug|Any CPU
		Release|Any CPU = Release|Any CPU
	EndGlobalSection
	GlobalSection(ProjectConfigurationPlatforms) = postSolution
		{AFFB3CA7-4742-4AE3-97B6-8ABFC4D1D017}.Debug|Any CPU.ActiveCfg = Debug|Any CPU
		{AFFB3CA7-4742-4AE3-97B6-8ABFC4D1D017}.Debug|Any CPU.Build.0 = Debug|Any CPU
		{AFFB3CA7-4742-4AE3-97B6-8ABFC4D1D017}.Release|Any CPU.ActiveCfg = Release|Any CPU
		{AFFB3CA7-4742-4AE3-97B6-8ABFC4D1D017}.Release|Any CPU.Build.0 = Release|Any CPU
	EndGlobalSection
	GlobalSection(SolutionProperties) = preSolution
		HideSolutionNode = FALSE
	EndGlobalSection
	GlobalSection(ExtensibilityGlobals) = postSolution
		SolutionGuid = {721C54C9-53B7-4BD6-A726-7805C073C24A}
	EndGlobalSection
EndGlobal
