
Microsoft Visual Studio Solution File, Format Version 12.00
# Visual Studio Version 17
VisualStudioVersion = 17.9.34728.123
MinimumVisualStudioVersion = 10.0.40219.1
Project("{FAE04EC0-301F-11D3-BF4B-00C04F79EFBC}") = "SwordDamageUI", "SwordDamageUI\SwordDamageUI.csproj", "{0B462D25-31B9-4ADC-B2ED-542C5C82078F}"
EndProject
Global
	GlobalSection(SolutionConfigurationPlatforms) = preSolution
		Debug|Any CPU = Debug|Any CPU
		Release|Any CPU = Release|Any CPU
	EndGlobalSection
	GlobalSection(ProjectConfigurationPlatforms) = postSolution
		{0B462D25-31B9-4ADC-B2ED-542C5C82078F}.Debug|Any CPU.ActiveCfg = Debug|Any CPU
		{0B462D25-31B9-4ADC-B2ED-542C5C82078F}.Debug|Any CPU.Build.0 = Debug|Any CPU
		{0B462D25-31B9-4ADC-B2ED-542C5C82078F}.Release|Any CPU.ActiveCfg = Release|Any CPU
		{0B462D25-31B9-4ADC-B2ED-542C5C82078F}.Release|Any CPU.Build.0 = Release|Any CPU
	EndGlobalSection
	GlobalSection(SolutionProperties) = preSolution
		HideSolutionNode = FALSE
	EndGlobalSection
	GlobalSection(ExtensibilityGlobals) = postSolution
		SolutionGuid = {0C7472B8-E80F-4405-8D0D-E63575FD623C}
	EndGlobalSection
EndGlobal
