
Microsoft Visual Studio Solution File, Format Version 12.00
# Visual Studio Version 17
VisualStudioVersion = 17.10.35027.167
MinimumVisualStudioVersion = 10.0.40219.1
Project("{FAE04EC0-301F-11D3-BF4B-00C04F79EFBC}") = "Closure", "Closure.csproj", "{BCFF8532-5478-4D44-A908-F20241B5BD2B}"
EndProject
Global
	GlobalSection(SolutionConfigurationPlatforms) = preSolution
		Debug|Any CPU = Debug|Any CPU
		Release|Any CPU = Release|Any CPU
	EndGlobalSection
	GlobalSection(ProjectConfigurationPlatforms) = postSolution
		{BCFF8532-5478-4D44-A908-F20241B5BD2B}.Debug|Any CPU.ActiveCfg = Debug|Any CPU
		{BCFF8532-5478-4D44-A908-F20241B5BD2B}.Debug|Any CPU.Build.0 = Debug|Any CPU
		{BCFF8532-5478-4D44-A908-F20241B5BD2B}.Release|Any CPU.ActiveCfg = Release|Any CPU
		{BCFF8532-5478-4D44-A908-F20241B5BD2B}.Release|Any CPU.Build.0 = Release|Any CPU
	EndGlobalSection
	GlobalSection(SolutionProperties) = preSolution
		HideSolutionNode = FALSE
	EndGlobalSection
	GlobalSection(ExtensibilityGlobals) = postSolution
		SolutionGuid = {2DCD13D1-CF21-4327-B1EE-6E90E84EBD26}
	EndGlobalSection
EndGlobal
