
Microsoft Visual Studio Solution File, Format Version 12.00
# Visual Studio Version 17
VisualStudioVersion = 17.9.34728.123
MinimumVisualStudioVersion = 10.0.40219.1
Project("{FAE04EC0-301F-11D3-BF4B-00C04F79EFBC}") = "PaintballGunConsole", "PaintballGunConsole.csproj", "{5BE67323-4D0B-45C9-9703-CA0FF7A2B67F}"
EndProject
Global
	GlobalSection(SolutionConfigurationPlatforms) = preSolution
		Debug|Any CPU = Debug|Any CPU
		Release|Any CPU = Release|Any CPU
	EndGlobalSection
	GlobalSection(ProjectConfigurationPlatforms) = postSolution
		{5BE67323-4D0B-45C9-9703-CA0FF7A2B67F}.Debug|Any CPU.ActiveCfg = Debug|Any CPU
		{5BE67323-4D0B-45C9-9703-CA0FF7A2B67F}.Debug|Any CPU.Build.0 = Debug|Any CPU
		{5BE67323-4D0B-45C9-9703-CA0FF7A2B67F}.Release|Any CPU.ActiveCfg = Release|Any CPU
		{5BE67323-4D0B-45C9-9703-CA0FF7A2B67F}.Release|Any CPU.Build.0 = Release|Any CPU
	EndGlobalSection
	GlobalSection(SolutionProperties) = preSolution
		HideSolutionNode = FALSE
	EndGlobalSection
	GlobalSection(ExtensibilityGlobals) = postSolution
		SolutionGuid = {AAFF6BEA-E977-44EC-8D7F-867D05467A11}
	EndGlobalSection
EndGlobal
